
Microsoft Visual Studio Solution File, Format Version 12.00
# Visual Studio Version 17
Project("{2150E333-8FDC-42A3-9474-1A3956D46DE8}") = "src", "src", "{3DB5BDB2-9ECC-4FBD-878A-F45D9DCEBE96}"
EndProject
Project("{2150E333-8FDC-42A3-9474-1A3956D46DE8}") = "Platform", "Platform", "{103A28AF-D291-416A-AF82-9FD48CC4B763}"
EndProject
Project("{2150E333-8FDC-42A3-9474-1A3956D46DE8}") = "Modules", "Modules", "{8660D492-799A-4402-AE05-F6649ED07EBD}"
EndProject
Project("{2150E333-8FDC-42A3-9474-1A3956D46DE8}") = "Hosts", "Hosts", "{2F6E455F-A5CA-466F-A53B-B28D98DC5B5C}"
EndProject
Project("{2150E333-8FDC-42A3-9474-1A3956D46DE8}") = "tests", "tests", "{9E3DFE47-4C21-4CDA-98DC-F115495A96F7}"
EndProject
Project("{9A19103F-16F7-4668-BE54-9A1E7A4F7556}") = "Bella.Wms.Api", "src\Hosts\Bella.Wms.Api\Bella.Wms.Api.csproj", "{4EDD45FF-0646-4F4E-9837-CACF66AB88F4}"
EndProject
Project("{9A19103F-16F7-4668-BE54-9A1E7A4F7556}") = "Bella.Wms.Jobs", "src\Hosts\Bella.Wms.Jobs\Bella.Wms.Jobs.csproj", "{14933DFD-FF55-4269-9D3C-7C86DB9397EF}"
EndProject
Project("{9A19103F-16F7-4668-BE54-9A1E7A4F7556}") = "Bella.Wms.Integration.Erp.Application", "src\Modules\Bella.Wms.Integration.Erp\Application\Bella.Wms.Integration.Erp.Application.csproj", "{6DBC2BFF-F719-4C4C-9826-A26C82867A9B}"
EndProject
Project("{9A19103F-16F7-4668-BE54-9A1E7A4F7556}") = "Bella.Wms.Integration.Erp.Contracts", "src\Modules\Bella.Wms.Integration.Erp\Contracts\Bella.Wms.Integration.Erp.Contracts.csproj", "{730EFE68-0FEC-4DAF-B69C-9D7709D412D6}"
EndProject
Project("{9A19103F-16F7-4668-BE54-9A1E7A4F7556}") = "Bella.Wms.Integration.Erp.Domain", "src\Modules\Bella.Wms.Integration.Erp\Domain\Bella.Wms.Integration.Erp.Domain.csproj", "{B8658909-1D02-48B8-A4BF-333D854E9EAE}"
EndProject
Project("{9A19103F-16F7-4668-BE54-9A1E7A4F7556}") = "Bella.Wms.Integration.Erp.Infrastructure", "src\Modules\Bella.Wms.Integration.Erp\Infrastructure\Bella.Wms.Integration.Erp.Infrastructure.csproj", "{F57277CA-1B1B-48D2-B1FE-0A5F1836AD05}"
EndProject
Project("{9A19103F-16F7-4668-BE54-9A1E7A4F7556}") = "Bella.Wms.Integration.Partners.Application", "src\Modules\Bella.Wms.Integration.Partners\Application\Bella.Wms.Integration.Partners.Application.csproj", "{9B81C73C-635C-42EE-AAD5-5F82570596FC}"
EndProject
Project("{9A19103F-16F7-4668-BE54-9A1E7A4F7556}") = "Bella.Wms.Integration.Partners.Contracts", "src\Modules\Bella.Wms.Integration.Partners\Contracts\Bella.Wms.Integration.Partners.Contracts.csproj", "{B2078234-EC9D-40B8-B211-841B0D54DD17}"
EndProject
Project("{9A19103F-16F7-4668-BE54-9A1E7A4F7556}") = "Bella.Wms.Integration.Partners.Domain", "src\Modules\Bella.Wms.Integration.Partners\Domain\Bella.Wms.Integration.Partners.Domain.csproj", "{1CE8F164-3C1C-48EB-81BC-2142EFC58D78}"
EndProject
Project("{9A19103F-16F7-4668-BE54-9A1E7A4F7556}") = "Bella.Wms.Integration.Partners.Infrastructure", "src\Modules\Bella.Wms.Integration.Partners\Infrastructure\Bella.Wms.Integration.Partners.Infrastructure.csproj", "{C7C01F0F-6155-4816-8244-E718D6C4F6AD}"
EndProject
Project("{9A19103F-16F7-4668-BE54-9A1E7A4F7556}") = "Bella.Wms.Platform.Abstractions", "src\Platform\Bella.Wms.Platform.Abstractions\Bella.Wms.Platform.Abstractions.csproj", "{2D093D70-4B8C-46FB-8CDA-41D1A17C17CA}"
EndProject
Project("{9A19103F-16F7-4668-BE54-9A1E7A4F7556}") = "Bella.Wms.Platform.Audit", "src\Platform\Bella.Wms.Platform.Audit\Bella.Wms.Platform.Audit.csproj", "{5C6A097C-3BD2-4BFA-BAF3-C96F33B02279}"
EndProject
Project("{9A19103F-16F7-4668-BE54-9A1E7A4F7556}") = "Bella.Wms.Platform.Config", "src\Platform\Bella.Wms.Platform.Config\Bella.Wms.Platform.Config.csproj", "{5F8B0575-5719-4329-B14E-0D9FB2338ABF}"
EndProject
Project("{9A19103F-16F7-4668-BE54-9A1E7A4F7556}") = "Bella.Wms.Platform.Context", "src\Platform\Bella.Wms.Platform.Context\Bella.Wms.Platform.Context.csproj", "{4AE45F94-50FC-4DBF-A417-FCD190CF1589}"
EndProject
Project("{9A19103F-16F7-4668-BE54-9A1E7A4F7556}") = "Bella.Wms.Platform.Data", "src\Platform\Bella.Wms.Platform.Data\Bella.Wms.Platform.Data.csproj", "{4AD3FA62-5490-4E71-951B-F9EE334253E5}"
EndProject
Project("{9A19103F-16F7-4668-BE54-9A1E7A4F7556}") = "Bella.Wms.Platform.Http", "src\Platform\Bella.Wms.Platform.Http\Bella.Wms.Platform.Http.csproj", "{F8900478-9385-4877-AC46-FFB8EB46EA47}"
EndProject
Project("{9A19103F-16F7-4668-BE54-9A1E7A4F7556}") = "Bella.Wms.Platform.Identity", "src\Platform\Bella.Wms.Platform.Identity\Bella.Wms.Platform.Identity.csproj", "{001B849A-1137-4A0D-A2C1-54AFAD8F93CA}"
EndProject
Project("{9A19103F-16F7-4668-BE54-9A1E7A4F7556}") = "Bella.Wms.Characterization", "tests\Bella.Wms.Characterization\Bella.Wms.Characterization.csproj", "{B1C4100B-3587-4406-9C34-F62101C501D4}"
EndProject
Project("{FAE04EC0-301F-11D3-BF4B-00C04F79EFBC}") = "Bella.Wms.Platform.Fakes", "src\Platform\Bella.Wms.Platform.Fakes\Bella.Wms.Platform.Fakes.csproj", "{2F79BC21-16C6-43E1-A6A7-2B16F9B3185E}"
EndProject
Project("{2150E333-8FDC-42A3-9474-1A3956D46DE8}") = "Bella.Wms.Integration.Partners", "Bella.Wms.Integration.Partners", "{38412EB3-BB36-824A-ED82-1C8C6486A731}"
EndProject
Project("{2150E333-8FDC-42A3-9474-1A3956D46DE8}") = "Application", "Application", "{BDEE149B-7C91-97CD-E326-086F0919069F}"
EndProject
Global
	GlobalSection(SolutionConfigurationPlatforms) = preSolution
		Debug|Any CPU = Debug|Any CPU
		Debug|x64 = Debug|x64
		Debug|x86 = Debug|x86
		Release|Any CPU = Release|Any CPU
		Release|x64 = Release|x64
		Release|x86 = Release|x86
	EndGlobalSection
	GlobalSection(ProjectConfigurationPlatforms) = postSolution
		{4EDD45FF-0646-4F4E-9837-CACF66AB88F4}.Debug|Any CPU.ActiveCfg = Debug|Any CPU
		{4EDD45FF-0646-4F4E-9837-CACF66AB88F4}.Debug|Any CPU.Build.0 = Debug|Any CPU
		{4EDD45FF-0646-4F4E-9837-CACF66AB88F4}.Debug|x64.ActiveCfg = Debug|Any CPU
		{4EDD45FF-0646-4F4E-9837-CACF66AB88F4}.Debug|x64.Build.0 = Debug|Any CPU
		{4EDD45FF-0646-4F4E-9837-CACF66AB88F4}.Debug|x86.ActiveCfg = Debug|Any CPU
		{4EDD45FF-0646-4F4E-9837-CACF66AB88F4}.Debug|x86.Build.0 = Debug|Any CPU
		{4EDD45FF-0646-4F4E-9837-CACF66AB88F4}.Release|Any CPU.ActiveCfg = Release|Any CPU
		{4EDD45FF-0646-4F4E-9837-CACF66AB88F4}.Release|Any CPU.Build.0 = Release|Any CPU
		{4EDD45FF-0646-4F4E-9837-CACF66AB88F4}.Release|x64.ActiveCfg = Release|Any CPU
		{4EDD45FF-0646-4F4E-9837-CACF66AB88F4}.Release|x64.Build.0 = Release|Any CPU
		{4EDD45FF-0646-4F4E-9837-CACF66AB88F4}.Release|x86.ActiveCfg = Release|Any CPU
		{4EDD45FF-0646-4F4E-9837-CACF66AB88F4}.Release|x86.Build.0 = Release|Any CPU
		{14933DFD-FF55-4269-9D3C-7C86DB9397EF}.Debug|Any CPU.ActiveCfg = Debug|Any CPU
		{14933DFD-FF55-4269-9D3C-7C86DB9397EF}.Debug|Any CPU.Build.0 = Debug|Any CPU
		{14933DFD-FF55-4269-9D3C-7C86DB9397EF}.Debug|x64.ActiveCfg = Debug|Any CPU
		{14933DFD-FF55-4269-9D3C-7C86DB9397EF}.Debug|x64.Build.0 = Debug|Any CPU
		{14933DFD-FF55-4269-9D3C-7C86DB9397EF}.Debug|x86.ActiveCfg = Debug|Any CPU
		{14933DFD-FF55-4269-9D3C-7C86DB9397EF}.Debug|x86.Build.0 = Debug|Any CPU
		{14933DFD-FF55-4269-9D3C-7C86DB9397EF}.Release|Any CPU.ActiveCfg = Release|Any CPU
		{14933DFD-FF55-4269-9D3C-7C86DB9397EF}.Release|Any CPU.Build.0 = Release|Any CPU
		{14933DFD-FF55-4269-9D3C-7C86DB9397EF}.Release|x64.ActiveCfg = Release|Any CPU
		{14933DFD-FF55-4269-9D3C-7C86DB9397EF}.Release|x64.Build.0 = Release|Any CPU
		{14933DFD-FF55-4269-9D3C-7C86DB9397EF}.Release|x86.ActiveCfg = Release|Any CPU
		{14933DFD-FF55-4269-9D3C-7C86DB9397EF}.Release|x86.Build.0 = Release|Any CPU
		{6DBC2BFF-F719-4C4C-9826-A26C82867A9B}.Debug|Any CPU.ActiveCfg = Debug|Any CPU
		{6DBC2BFF-F719-4C4C-9826-A26C82867A9B}.Debug|Any CPU.Build.0 = Debug|Any CPU
		{6DBC2BFF-F719-4C4C-9826-A26C82867A9B}.Debug|x64.ActiveCfg = Debug|Any CPU
		{6DBC2BFF-F719-4C4C-9826-A26C82867A9B}.Debug|x64.Build.0 = Debug|Any CPU
		{6DBC2BFF-F719-4C4C-9826-A26C82867A9B}.Debug|x86.ActiveCfg = Debug|Any CPU
		{6DBC2BFF-F719-4C4C-9826-A26C82867A9B}.Debug|x86.Build.0 = Debug|Any CPU
		{6DBC2BFF-F719-4C4C-9826-A26C82867A9B}.Release|Any CPU.ActiveCfg = Release|Any CPU
		{6DBC2BFF-F719-4C4C-9826-A26C82867A9B}.Release|Any CPU.Build.0 = Release|Any CPU
		{6DBC2BFF-F719-4C4C-9826-A26C82867A9B}.Release|x64.ActiveCfg = Release|Any CPU
		{6DBC2BFF-F719-4C4C-9826-A26C82867A9B}.Release|x64.Build.0 = Release|Any CPU
		{6DBC2BFF-F719-4C4C-9826-A26C82867A9B}.Release|x86.ActiveCfg = Release|Any CPU
		{6DBC2BFF-F719-4C4C-9826-A26C82867A9B}.Release|x86.Build.0 = Release|Any CPU
		{730EFE68-0FEC-4DAF-B69C-9D7709D412D6}.Debug|Any CPU.ActiveCfg = Debug|Any CPU
		{730EFE68-0FEC-4DAF-B69C-9D7709D412D6}.Debug|Any CPU.Build.0 = Debug|Any CPU
		{730EFE68-0FEC-4DAF-B69C-9D7709D412D6}.Debug|x64.ActiveCfg = Debug|Any CPU
		{730EFE68-0FEC-4DAF-B69C-9D7709D412D6}.Debug|x64.Build.0 = Debug|Any CPU
		{730EFE68-0FEC-4DAF-B69C-9D7709D412D6}.Debug|x86.ActiveCfg = Debug|Any CPU
		{730EFE68-0FEC-4DAF-B69C-9D7709D412D6}.Debug|x86.Build.0 = Debug|Any CPU
		{730EFE68-0FEC-4DAF-B69C-9D7709D412D6}.Release|Any CPU.ActiveCfg = Release|Any CPU
		{730EFE68-0FEC-4DAF-B69C-9D7709D412D6}.Release|Any CPU.Build.0 = Release|Any CPU
		{730EFE68-0FEC-4DAF-B69C-9D7709D412D6}.Release|x64.ActiveCfg = Release|Any CPU
		{730EFE68-0FEC-4DAF-B69C-9D7709D412D6}.Release|x64.Build.0 = Release|Any CPU
		{730EFE68-0FEC-4DAF-B69C-9D7709D412D6}.Release|x86.ActiveCfg = Release|Any CPU
		{730EFE68-0FEC-4DAF-B69C-9D7709D412D6}.Release|x86.Build.0 = Release|Any CPU
		{B8658909-1D02-48B8-A4BF-333D854E9EAE}.Debug|Any CPU.ActiveCfg = Debug|Any CPU
		{B8658909-1D02-48B8-A4BF-333D854E9EAE}.Debug|Any CPU.Build.0 = Debug|Any CPU
		{B8658909-1D02-48B8-A4BF-333D854E9EAE}.Debug|x64.ActiveCfg = Debug|Any CPU
		{B8658909-1D02-48B8-A4BF-333D854E9EAE}.Debug|x64.Build.0 = Debug|Any CPU
		{B8658909-1D02-48B8-A4BF-333D854E9EAE}.Debug|x86.ActiveCfg = Debug|Any CPU
		{B8658909-1D02-48B8-A4BF-333D854E9EAE}.Debug|x86.Build.0 = Debug|Any CPU
		{B8658909-1D02-48B8-A4BF-333D854E9EAE}.Release|Any CPU.ActiveCfg = Release|Any CPU
		{B8658909-1D02-48B8-A4BF-333D854E9EAE}.Release|Any CPU.Build.0 = Release|Any CPU
		{B8658909-1D02-48B8-A4BF-333D854E9EAE}.Release|x64.ActiveCfg = Release|Any CPU
		{B8658909-1D02-48B8-A4BF-333D854E9EAE}.Release|x64.Build.0 = Release|Any CPU
		{B8658909-1D02-48B8-A4BF-333D854E9EAE}.Release|x86.ActiveCfg = Release|Any CPU
		{B8658909-1D02-48B8-A4BF-333D854E9EAE}.Release|x86.Build.0 = Release|Any CPU
		{F57277CA-1B1B-48D2-B1FE-0A5F1836AD05}.Debug|Any CPU.ActiveCfg = Debug|Any CPU
		{F57277CA-1B1B-48D2-B1FE-0A5F1836AD05}.Debug|Any CPU.Build.0 = Debug|Any CPU
		{F57277CA-1B1B-48D2-B1FE-0A5F1836AD05}.Debug|x64.ActiveCfg = Debug|Any CPU
		{F57277CA-1B1B-48D2-B1FE-0A5F1836AD05}.Debug|x64.Build.0 = Debug|Any CPU
		{F57277CA-1B1B-48D2-B1FE-0A5F1836AD05}.Debug|x86.ActiveCfg = Debug|Any CPU
		{F57277CA-1B1B-48D2-B1FE-0A5F1836AD05}.Debug|x86.Build.0 = Debug|Any CPU
		{F57277CA-1B1B-48D2-B1FE-0A5F1836AD05}.Release|Any CPU.ActiveCfg = Release|Any CPU
		{F57277CA-1B1B-48D2-B1FE-0A5F1836AD05}.Release|Any CPU.Build.0 = Release|Any CPU
		{F57277CA-1B1B-48D2-B1FE-0A5F1836AD05}.Release|x64.ActiveCfg = Release|Any CPU
		{F57277CA-1B1B-48D2-B1FE-0A5F1836AD05}.Release|x64.Build.0 = Release|Any CPU
		{F57277CA-1B1B-48D2-B1FE-0A5F1836AD05}.Release|x86.ActiveCfg = Release|Any CPU
		{F57277CA-1B1B-48D2-B1FE-0A5F1836AD05}.Release|x86.Build.0 = Release|Any CPU
		{9B81C73C-635C-42EE-AAD5-5F82570596FC}.Debug|Any CPU.ActiveCfg = Debug|Any CPU
		{9B81C73C-635C-42EE-AAD5-5F82570596FC}.Debug|Any CPU.Build.0 = Debug|Any CPU
		{9B81C73C-635C-42EE-AAD5-5F82570596FC}.Debug|x64.ActiveCfg = Debug|Any CPU
		{9B81C73C-635C-42EE-AAD5-5F82570596FC}.Debug|x64.Build.0 = Debug|Any CPU
		{9B81C73C-635C-42EE-AAD5-5F82570596FC}.Debug|x86.ActiveCfg = Debug|Any CPU
		{9B81C73C-635C-42EE-AAD5-5F82570596FC}.Debug|x86.Build.0 = Debug|Any CPU
		{9B81C73C-635C-42EE-AAD5-5F82570596FC}.Release|Any CPU.ActiveCfg = Release|Any CPU
		{9B81C73C-635C-42EE-AAD5-5F82570596FC}.Release|Any CPU.Build.0 = Release|Any CPU
		{9B81C73C-635C-42EE-AAD5-5F82570596FC}.Release|x64.ActiveCfg = Release|Any CPU
		{9B81C73C-635C-42EE-AAD5-5F82570596FC}.Release|x64.Build.0 = Release|Any CPU
		{9B81C73C-635C-42EE-AAD5-5F82570596FC}.Release|x86.ActiveCfg = Release|Any CPU
		{9B81C73C-635C-42EE-AAD5-5F82570596FC}.Release|x86.Build.0 = Release|Any CPU
		{B2078234-EC9D-40B8-B211-841B0D54DD17}.Debug|Any CPU.ActiveCfg = Debug|Any CPU
		{B2078234-EC9D-40B8-B211-841B0D54DD17}.Debug|Any CPU.Build.0 = Debug|Any CPU
		{B2078234-EC9D-40B8-B211-841B0D54DD17}.Debug|x64.ActiveCfg = Debug|Any CPU
		{B2078234-EC9D-40B8-B211-841B0D54DD17}.Debug|x64.Build.0 = Debug|Any CPU
		{B2078234-EC9D-40B8-B211-841B0D54DD17}.Debug|x86.ActiveCfg = Debug|Any CPU
		{B2078234-EC9D-40B8-B211-841B0D54DD17}.Debug|x86.Build.0 = Debug|Any CPU
		{B2078234-EC9D-40B8-B211-841B0D54DD17}.Release|Any CPU.ActiveCfg = Release|Any CPU
		{B2078234-EC9D-40B8-B211-841B0D54DD17}.Release|Any CPU.Build.0 = Release|Any CPU
		{B2078234-EC9D-40B8-B211-841B0D54DD17}.Release|x64.ActiveCfg = Release|Any CPU
		{B2078234-EC9D-40B8-B211-841B0D54DD17}.Release|x64.Build.0 = Release|Any CPU
		{B2078234-EC9D-40B8-B211-841B0D54DD17}.Release|x86.ActiveCfg = Release|Any CPU
		{B2078234-EC9D-40B8-B211-841B0D54DD17}.Release|x86.Build.0 = Release|Any CPU
		{1CE8F164-3C1C-48EB-81BC-2142EFC58D78}.Debug|Any CPU.ActiveCfg = Debug|Any CPU
		{1CE8F164-3C1C-48EB-81BC-2142EFC58D78}.Debug|Any CPU.Build.0 = Debug|Any CPU
		{1CE8F164-3C1C-48EB-81BC-2142EFC58D78}.Debug|x64.ActiveCfg = Debug|Any CPU
		{1CE8F164-3C1C-48EB-81BC-2142EFC58D78}.Debug|x64.Build.0 = Debug|Any CPU
		{1CE8F164-3C1C-48EB-81BC-2142EFC58D78}.Debug|x86.ActiveCfg = Debug|Any CPU
		{1CE8F164-3C1C-48EB-81BC-2142EFC58D78}.Debug|x86.Build.0 = Debug|Any CPU
		{1CE8F164-3C1C-48EB-81BC-2142EFC58D78}.Release|Any CPU.ActiveCfg = Release|Any CPU
		{1CE8F164-3C1C-48EB-81BC-2142EFC58D78}.Release|Any CPU.Build.0 = Release|Any CPU
		{1CE8F164-3C1C-48EB-81BC-2142EFC58D78}.Release|x64.ActiveCfg = Release|Any CPU
		{1CE8F164-3C1C-48EB-81BC-2142EFC58D78}.Release|x64.Build.0 = Release|Any CPU
		{1CE8F164-3C1C-48EB-81BC-2142EFC58D78}.Release|x86.ActiveCfg = Release|Any CPU
		{1CE8F164-3C1C-48EB-81BC-2142EFC58D78}.Release|x86.Build.0 = Release|Any CPU
		{C7C01F0F-6155-4816-8244-E718D6C4F6AD}.Debug|Any CPU.ActiveCfg = Debug|Any CPU
		{C7C01F0F-6155-4816-8244-E718D6C4F6AD}.Debug|Any CPU.Build.0 = Debug|Any CPU
		{C7C01F0F-6155-4816-8244-E718D6C4F6AD}.Debug|x64.ActiveCfg = Debug|Any CPU
		{C7C01F0F-6155-4816-8244-E718D6C4F6AD}.Debug|x64.Build.0 = Debug|Any CPU
		{C7C01F0F-6155-4816-8244-E718D6C4F6AD}.Debug|x86.ActiveCfg = Debug|Any CPU
		{C7C01F0F-6155-4816-8244-E718D6C4F6AD}.Debug|x86.Build.0 = Debug|Any CPU
		{C7C01F0F-6155-4816-8244-E718D6C4F6AD}.Release|Any CPU.ActiveCfg = Release|Any CPU
		{C7C01F0F-6155-4816-8244-E718D6C4F6AD}.Release|Any CPU.Build.0 = Release|Any CPU
		{C7C01F0F-6155-4816-8244-E718D6C4F6AD}.Release|x64.ActiveCfg = Release|Any CPU
		{C7C01F0F-6155-4816-8244-E718D6C4F6AD}.Release|x64.Build.0 = Release|Any CPU
		{C7C01F0F-6155-4816-8244-E718D6C4F6AD}.Release|x86.ActiveCfg = Release|Any CPU
		{C7C01F0F-6155-4816-8244-E718D6C4F6AD}.Release|x86.Build.0 = Release|Any CPU
		{2D093D70-4B8C-46FB-8CDA-41D1A17C17CA}.Debug|Any CPU.ActiveCfg = Debug|Any CPU
		{2D093D70-4B8C-46FB-8CDA-41D1A17C17CA}.Debug|Any CPU.Build.0 = Debug|Any CPU
		{2D093D70-4B8C-46FB-8CDA-41D1A17C17CA}.Debug|x64.ActiveCfg = Debug|Any CPU
		{2D093D70-4B8C-46FB-8CDA-41D1A17C17CA}.Debug|x64.Build.0 = Debug|Any CPU
		{2D093D70-4B8C-46FB-8CDA-41D1A17C17CA}.Debug|x86.ActiveCfg = Debug|Any CPU
		{2D093D70-4B8C-46FB-8CDA-41D1A17C17CA}.Debug|x86.Build.0 = Debug|Any CPU
		{2D093D70-4B8C-46FB-8CDA-41D1A17C17CA}.Release|Any CPU.ActiveCfg = Release|Any CPU
		{2D093D70-4B8C-46FB-8CDA-41D1A17C17CA}.Release|Any CPU.Build.0 = Release|Any CPU
		{2D093D70-4B8C-46FB-8CDA-41D1A17C17CA}.Release|x64.ActiveCfg = Release|Any CPU
		{2D093D70-4B8C-46FB-8CDA-41D1A17C17CA}.Release|x64.Build.0 = Release|Any CPU
		{2D093D70-4B8C-46FB-8CDA-41D1A17C17CA}.Release|x86.ActiveCfg = Release|Any CPU
		{2D093D70-4B8C-46FB-8CDA-41D1A17C17CA}.Release|x86.Build.0 = Release|Any CPU
		{5C6A097C-3BD2-4BFA-BAF3-C96F33B02279}.Debug|Any CPU.ActiveCfg = Debug|Any CPU
		{5C6A097C-3BD2-4BFA-BAF3-C96F33B02279}.Debug|Any CPU.Build.0 = Debug|Any CPU
		{5C6A097C-3BD2-4BFA-BAF3-C96F33B02279}.Debug|x64.ActiveCfg = Debug|Any CPU
		{5C6A097C-3BD2-4BFA-BAF3-C96F33B02279}.Debug|x64.Build.0 = Debug|Any CPU
		{5C6A097C-3BD2-4BFA-BAF3-C96F33B02279}.Debug|x86.ActiveCfg = Debug|Any CPU
		{5C6A097C-3BD2-4BFA-BAF3-C96F33B02279}.Debug|x86.Build.0 = Debug|Any CPU
		{5C6A097C-3BD2-4BFA-BAF3-C96F33B02279}.Release|Any CPU.ActiveCfg = Release|Any CPU
		{5C6A097C-3BD2-4BFA-BAF3-C96F33B02279}.Release|Any CPU.Build.0 = Release|Any CPU
		{5C6A097C-3BD2-4BFA-BAF3-C96F33B02279}.Release|x64.ActiveCfg = Release|Any CPU
		{5C6A097C-3BD2-4BFA-BAF3-C96F33B02279}.Release|x64.Build.0 = Release|Any CPU
		{5C6A097C-3BD2-4BFA-BAF3-C96F33B02279}.Release|x86.ActiveCfg = Release|Any CPU
		{5C6A097C-3BD2-4BFA-BAF3-C96F33B02279}.Release|x86.Build.0 = Release|Any CPU
		{5F8B0575-5719-4329-B14E-0D9FB2338ABF}.Debug|Any CPU.ActiveCfg = Debug|Any CPU
		{5F8B0575-5719-4329-B14E-0D9FB2338ABF}.Debug|Any CPU.Build.0 = Debug|Any CPU
		{5F8B0575-5719-4329-B14E-0D9FB2338ABF}.Debug|x64.ActiveCfg = Debug|Any CPU
		{5F8B0575-5719-4329-B14E-0D9FB2338ABF}.Debug|x64.Build.0 = Debug|Any CPU
		{5F8B0575-5719-4329-B14E-0D9FB2338ABF}.Debug|x86.ActiveCfg = Debug|Any CPU
		{5F8B0575-5719-4329-B14E-0D9FB2338ABF}.Debug|x86.Build.0 = Debug|Any CPU
		{5F8B0575-5719-4329-B14E-0D9FB2338ABF}.Release|Any CPU.ActiveCfg = Release|Any CPU
		{5F8B0575-5719-4329-B14E-0D9FB2338ABF}.Release|Any CPU.Build.0 = Release|Any CPU
		{5F8B0575-5719-4329-B14E-0D9FB2338ABF}.Release|x64.ActiveCfg = Release|Any CPU
		{5F8B0575-5719-4329-B14E-0D9FB2338ABF}.Release|x64.Build.0 = Release|Any CPU
		{5F8B0575-5719-4329-B14E-0D9FB2338ABF}.Release|x86.ActiveCfg = Release|Any CPU
		{5F8B0575-5719-4329-B14E-0D9FB2338ABF}.Release|x86.Build.0 = Release|Any CPU
		{4AE45F94-50FC-4DBF-A417-FCD190CF1589}.Debug|Any CPU.ActiveCfg = Debug|Any CPU
		{4AE45F94-50FC-4DBF-A417-FCD190CF1589}.Debug|Any CPU.Build.0 = Debug|Any CPU
		{4AE45F94-50FC-4DBF-A417-FCD190CF1589}.Debug|x64.ActiveCfg = Debug|Any CPU
		{4AE45F94-50FC-4DBF-A417-FCD190CF1589}.Debug|x64.Build.0 = Debug|Any CPU
		{4AE45F94-50FC-4DBF-A417-FCD190CF1589}.Debug|x86.ActiveCfg = Debug|Any CPU
		{4AE45F94-50FC-4DBF-A417-FCD190CF1589}.Debug|x86.Build.0 = Debug|Any CPU
		{4AE45F94-50FC-4DBF-A417-FCD190CF1589}.Release|Any CPU.ActiveCfg = Release|Any CPU
		{4AE45F94-50FC-4DBF-A417-FCD190CF1589}.Release|Any CPU.Build.0 = Release|Any CPU
		{4AE45F94-50FC-4DBF-A417-FCD190CF1589}.Release|x64.ActiveCfg = Release|Any CPU
		{4AE45F94-50FC-4DBF-A417-FCD190CF1589}.Release|x64.Build.0 = Release|Any CPU
		{4AE45F94-50FC-4DBF-A417-FCD190CF1589}.Release|x86.ActiveCfg = Release|Any CPU
		{4AE45F94-50FC-4DBF-A417-FCD190CF1589}.Release|x86.Build.0 = Release|Any CPU
		{4AD3FA62-5490-4E71-951B-F9EE334253E5}.Debug|Any CPU.ActiveCfg = Debug|Any CPU
		{4AD3FA62-5490-4E71-951B-F9EE334253E5}.Debug|Any CPU.Build.0 = Debug|Any CPU
		{4AD3FA62-5490-4E71-951B-F9EE334253E5}.Debug|x64.ActiveCfg = Debug|Any CPU
		{4AD3FA62-5490-4E71-951B-F9EE334253E5}.Debug|x64.Build.0 = Debug|Any CPU
		{4AD3FA62-5490-4E71-951B-F9EE334253E5}.Debug|x86.ActiveCfg = Debug|Any CPU
		{4AD3FA62-5490-4E71-951B-F9EE334253E5}.Debug|x86.Build.0 = Debug|Any CPU
		{4AD3FA62-5490-4E71-951B-F9EE334253E5}.Release|Any CPU.ActiveCfg = Release|Any CPU
		{4AD3FA62-5490-4E71-951B-F9EE334253E5}.Release|Any CPU.Build.0 = Release|Any CPU
		{4AD3FA62-5490-4E71-951B-F9EE334253E5}.Release|x64.ActiveCfg = Release|Any CPU
		{4AD3FA62-5490-4E71-951B-F9EE334253E5}.Release|x64.Build.0 = Release|Any CPU
		{4AD3FA62-5490-4E71-951B-F9EE334253E5}.Release|x86.ActiveCfg = Release|Any CPU
		{4AD3FA62-5490-4E71-951B-F9EE334253E5}.Release|x86.Build.0 = Release|Any CPU
		{F8900478-9385-4877-AC46-FFB8EB46EA47}.Debug|Any CPU.ActiveCfg = Debug|Any CPU
		{F8900478-9385-4877-AC46-FFB8EB46EA47}.Debug|Any CPU.Build.0 = Debug|Any CPU
		{F8900478-9385-4877-AC46-FFB8EB46EA47}.Debug|x64.ActiveCfg = Debug|Any CPU
		{F8900478-9385-4877-AC46-FFB8EB46EA47}.Debug|x64.Build.0 = Debug|Any CPU
		{F8900478-9385-4877-AC46-FFB8EB46EA47}.Debug|x86.ActiveCfg = Debug|Any CPU
		{F8900478-9385-4877-AC46-FFB8EB46EA47}.Debug|x86.Build.0 = Debug|Any CPU
		{F8900478-9385-4877-AC46-FFB8EB46EA47}.Release|Any CPU.ActiveCfg = Release|Any CPU
		{F8900478-9385-4877-AC46-FFB8EB46EA47}.Release|Any CPU.Build.0 = Release|Any CPU
		{F8900478-9385-4877-AC46-FFB8EB46EA47}.Release|x64.ActiveCfg = Release|Any CPU
		{F8900478-9385-4877-AC46-FFB8EB46EA47}.Release|x64.Build.0 = Release|Any CPU
		{F8900478-9385-4877-AC46-FFB8EB46EA47}.Release|x86.ActiveCfg = Release|Any CPU
		{F8900478-9385-4877-AC46-FFB8EB46EA47}.Release|x86.Build.0 = Release|Any CPU
		{001B849A-1137-4A0D-A2C1-54AFAD8F93CA}.Debug|Any CPU.ActiveCfg = Debug|Any CPU
		{001B849A-1137-4A0D-A2C1-54AFAD8F93CA}.Debug|Any CPU.Build.0 = Debug|Any CPU
		{001B849A-1137-4A0D-A2C1-54AFAD8F93CA}.Debug|x64.ActiveCfg = Debug|Any CPU
		{001B849A-1137-4A0D-A2C1-54AFAD8F93CA}.Debug|x64.Build.0 = Debug|Any CPU
		{001B849A-1137-4A0D-A2C1-54AFAD8F93CA}.Debug|x86.ActiveCfg = Debug|Any CPU
		{001B849A-1137-4A0D-A2C1-54AFAD8F93CA}.Debug|x86.Build.0 = Debug|Any CPU
		{001B849A-1137-4A0D-A2C1-54AFAD8F93CA}.Release|Any CPU.ActiveCfg = Release|Any CPU
		{001B849A-1137-4A0D-A2C1-54AFAD8F93CA}.Release|Any CPU.Build.0 = Release|Any CPU
		{001B849A-1137-4A0D-A2C1-54AFAD8F93CA}.Release|x64.ActiveCfg = Release|Any CPU
		{001B849A-1137-4A0D-A2C1-54AFAD8F93CA}.Release|x64.Build.0 = Release|Any CPU
		{001B849A-1137-4A0D-A2C1-54AFAD8F93CA}.Release|x86.ActiveCfg = Release|Any CPU
		{001B849A-1137-4A0D-A2C1-54AFAD8F93CA}.Release|x86.Build.0 = Release|Any CPU
		{B1C4100B-3587-4406-9C34-F62101C501D4}.Debug|Any CPU.ActiveCfg = Debug|Any CPU
		{B1C4100B-3587-4406-9C34-F62101C501D4}.Debug|Any CPU.Build.0 = Debug|Any CPU
		{B1C4100B-3587-4406-9C34-F62101C501D4}.Debug|x64.ActiveCfg = Debug|Any CPU
		{B1C4100B-3587-4406-9C34-F62101C501D4}.Debug|x64.Build.0 = Debug|Any CPU
		{B1C4100B-3587-4406-9C34-F62101C501D4}.Debug|x86.ActiveCfg = Debug|Any CPU
		{B1C4100B-3587-4406-9C34-F62101C501D4}.Debug|x86.Build.0 = Debug|Any CPU
		{B1C4100B-3587-4406-9C34-F62101C501D4}.Release|Any CPU.ActiveCfg = Release|Any CPU
		{B1C4100B-3587-4406-9C34-F62101C501D4}.Release|Any CPU.Build.0 = Release|Any CPU
		{B1C4100B-3587-4406-9C34-F62101C501D4}.Release|x64.ActiveCfg = Release|Any CPU
		{B1C4100B-3587-4406-9C34-F62101C501D4}.Release|x64.Build.0 = Release|Any CPU
		{B1C4100B-3587-4406-9C34-F62101C501D4}.Release|x86.ActiveCfg = Release|Any CPU
		{B1C4100B-3587-4406-9C34-F62101C501D4}.Release|x86.Build.0 = Release|Any CPU
		{2F79BC21-16C6-43E1-A6A7-2B16F9B3185E}.Debug|Any CPU.ActiveCfg = Debug|Any CPU
		{2F79BC21-16C6-43E1-A6A7-2B16F9B3185E}.Debug|Any CPU.Build.0 = Debug|Any CPU
		{2F79BC21-16C6-43E1-A6A7-2B16F9B3185E}.Debug|x64.ActiveCfg = Debug|Any CPU
		{2F79BC21-16C6-43E1-A6A7-2B16F9B3185E}.Debug|x64.Build.0 = Debug|Any CPU
		{2F79BC21-16C6-43E1-A6A7-2B16F9B3185E}.Debug|x86.ActiveCfg = Debug|Any CPU
		{2F79BC21-16C6-43E1-A6A7-2B16F9B3185E}.Debug|x86.Build.0 = Debug|Any CPU
		{2F79BC21-16C6-43E1-A6A7-2B16F9B3185E}.Release|Any CPU.ActiveCfg = Release|Any CPU
		{2F79BC21-16C6-43E1-A6A7-2B16F9B3185E}.Release|Any CPU.Build.0 = Release|Any CPU
		{2F79BC21-16C6-43E1-A6A7-2B16F9B3185E}.Release|x64.ActiveCfg = Release|Any CPU
		{2F79BC21-16C6-43E1-A6A7-2B16F9B3185E}.Release|x64.Build.0 = Release|Any CPU
		{2F79BC21-16C6-43E1-A6A7-2B16F9B3185E}.Release|x86.ActiveCfg = Release|Any CPU
		{2F79BC21-16C6-43E1-A6A7-2B16F9B3185E}.Release|x86.Build.0 = Release|Any CPU
	EndGlobalSection
	GlobalSection(SolutionProperties) = preSolution
		HideSolutionNode = FALSE
	EndGlobalSection
	GlobalSection(NestedProjects) = preSolution
		{103A28AF-D291-416A-AF82-9FD48CC4B763} = {3DB5BDB2-9ECC-4FBD-878A-F45D9DCEBE96}
		{8660D492-799A-4402-AE05-F6649ED07EBD} = {3DB5BDB2-9ECC-4FBD-878A-F45D9DCEBE96}
		{2F6E455F-A5CA-466F-A53B-B28D98DC5B5C} = {3DB5BDB2-9ECC-4FBD-878A-F45D9DCEBE96}
		{4EDD45FF-0646-4F4E-9837-CACF66AB88F4} = {2F6E455F-A5CA-466F-A53B-B28D98DC5B5C}
		{14933DFD-FF55-4269-9D3C-7C86DB9397EF} = {2F6E455F-A5CA-466F-A53B-B28D98DC5B5C}
		{6DBC2BFF-F719-4C4C-9826-A26C82867A9B} = {8660D492-799A-4402-AE05-F6649ED07EBD}
		{730EFE68-0FEC-4DAF-B69C-9D7709D412D6} = {8660D492-799A-4402-AE05-F6649ED07EBD}
		{B8658909-1D02-48B8-A4BF-333D854E9EAE} = {8660D492-799A-4402-AE05-F6649ED07EBD}
		{F57277CA-1B1B-48D2-B1FE-0A5F1836AD05} = {8660D492-799A-4402-AE05-F6649ED07EBD}
		{9B81C73C-635C-42EE-AAD5-5F82570596FC} = {8660D492-799A-4402-AE05-F6649ED07EBD}
		{B2078234-EC9D-40B8-B211-841B0D54DD17} = {8660D492-799A-4402-AE05-F6649ED07EBD}
		{1CE8F164-3C1C-48EB-81BC-2142EFC58D78} = {8660D492-799A-4402-AE05-F6649ED07EBD}
		{C7C01F0F-6155-4816-8244-E718D6C4F6AD} = {8660D492-799A-4402-AE05-F6649ED07EBD}
		{2D093D70-4B8C-46FB-8CDA-41D1A17C17CA} = {103A28AF-D291-416A-AF82-9FD48CC4B763}
		{5C6A097C-3BD2-4BFA-BAF3-C96F33B02279} = {103A28AF-D291-416A-AF82-9FD48CC4B763}
		{5F8B0575-5719-4329-B14E-0D9FB2338ABF} = {103A28AF-D291-416A-AF82-9FD48CC4B763}
		{4AE45F94-50FC-4DBF-A417-FCD190CF1589} = {103A28AF-D291-416A-AF82-9FD48CC4B763}
		{4AD3FA62-5490-4E71-951B-F9EE334253E5} = {103A28AF-D291-416A-AF82-9FD48CC4B763}
		{F8900478-9385-4877-AC46-FFB8EB46EA47} = {103A28AF-D291-416A-AF82-9FD48CC4B763}
		{001B849A-1137-4A0D-A2C1-54AFAD8F93CA} = {103A28AF-D291-416A-AF82-9FD48CC4B763}
		{B1C4100B-3587-4406-9C34-F62101C501D4} = {9E3DFE47-4C21-4CDA-98DC-F115495A96F7}
		{2F79BC21-16C6-43E1-A6A7-2B16F9B3185E} = {103A28AF-D291-416A-AF82-9FD48CC4B763}
		{38412EB3-BB36-824A-ED82-1C8C6486A731} = {8660D492-799A-4402-AE05-F6649ED07EBD}
		{BDEE149B-7C91-97CD-E326-086F0919069F} = {38412EB3-BB36-824A-ED82-1C8C6486A731}
	EndGlobalSection
EndGlobal
